
Microsoft Visual Studio Solution File, Format Version 12.00
# Visual Studio 14
VisualStudioVersion = 14.0.24720.0
MinimumVisualStudioVersion = 10.0.40219.1
Project("{2150E333-8FDC-42A3-9474-1A3956D46DE8}") = "src", "src", "{B5FA471F-2AF5-47E5-AA91-3DA5EBFA4CE8}"
EndProject
Project("{2150E333-8FDC-42A3-9474-1A3956D46DE8}") = "Solution Items", "Solution Items", "{50ECC255-355E-4584-8D86-A7E3823E717A}"
	ProjectSection(SolutionItems) = preProject
		global.json = global.json
	EndProjectSection
EndProject
Project("{8BB2217D-0F2D-49D1-97BC-3654ED321F3B}") = "CamarillaClient", "src\CamarillaClient\CamarillaClient.xproj", "{9AEF2FB0-432B-43E2-9F43-56891F5B3289}"
EndProject
Global
	GlobalSection(SolutionConfigurationPlatforms) = preSolution
		Debug|Any CPU = Debug|Any CPU
		Release|Any CPU = Release|Any CPU
	EndGlobalSection
	GlobalSection(ProjectConfigurationPlatforms) = postSolution
		{9AEF2FB0-432B-43E2-9F43-56891F5B3289}.Debug|Any CPU.ActiveCfg = Debug|Any CPU
		{9AEF2FB0-432B-43E2-9F43-56891F5B3289}.Debug|Any CPU.Build.0 = Debug|Any CPU
		{9AEF2FB0-432B-43E2-9F43-56891F5B3289}.Release|Any CPU.ActiveCfg = Release|Any CPU
		{9AEF2FB0-432B-43E2-9F43-56891F5B3289}.Release|Any CPU.Build.0 = Release|Any CPU
	EndGlobalSection
	GlobalSection(SolutionProperties) = preSolution
		HideSolutionNode = FALSE
	EndGlobalSection
	GlobalSection(NestedProjects) = preSolution
		{9AEF2FB0-432B-43E2-9F43-56891F5B3289} = {B5FA471F-2AF5-47E5-AA91-3DA5EBFA4CE8}
	EndGlobalSection
EndGlobal
